
Microsoft Visual Studio Solution File, Format Version 12.00
# Visual Studio 15
VisualStudioVersion = 15.0.26730.10
MinimumVisualStudioVersion = 10.0.40219.1
Project("{FAE04EC0-301F-11D3-BF4B-00C04F79EFBC}") = "GreetingsGenerator", "GreetingsGenerator\GreetingsGenerator.csproj", "{08C44468-4EEB-4866-ACDA-385DF3D835F8}"
EndProject
Project("{FAE04EC0-301F-11D3-BF4B-00C04F79EFBC}") = "CalculatorThatImplementsSum", "CalculatorThatImplementsSum\CalculatorThatImplementsSum.csproj", "{87CB493D-4B4D-4371-9A55-90FF40368A80}"
EndProject
Project("{FAE04EC0-301F-11D3-BF4B-00C04F79EFBC}") = "HelloWorld", "HelloWorld\HelloWorld.csproj", "{05485A1B-D359-47D9-B1ED-E944C09141AE}"
EndProject
Project("{FAE04EC0-301F-11D3-BF4B-00C04F79EFBC}") = "ComparisonOfNumbers", "ComparisonOfNumbers\ComparisonOfNumbers.csproj", "{7EDD28F8-924E-4532-9E20-154C83D33A58}"
EndProject
Project("{FAE04EC0-301F-11D3-BF4B-00C04F79EFBC}") = "SwitchUsage", "SwitchUsage\SwitchUsage.csproj", "{ADD761EE-74B2-4B2E-BD00-EC81B7E3D7E1}"
EndProject
Project("{FAE04EC0-301F-11D3-BF4B-00C04F79EFBC}") = "UsageOfConditional", "UsageOfConditional\UsageOfConditional.csproj", "{703615FC-3E35-4753-BF33-4AFB10E41752}"
EndProject
Project("{FAE04EC0-301F-11D3-BF4B-00C04F79EFBC}") = "StringArray", "StringArray\StringArray.csproj", "{F90345D5-E5CA-4FC1-BFCC-D8002E6B595A}"
EndProject
Project("{FAE04EC0-301F-11D3-BF4B-00C04F79EFBC}") = "StringArraySecond", "StringArraySecond\StringArraySecond.csproj", "{8B634AFA-A472-4B10-9433-9C951F48950E}"
EndProject
Project("{FAE04EC0-301F-11D3-BF4B-00C04F79EFBC}") = "IntArray", "IntArray\IntArray.csproj", "{04DB1878-525C-485E-B5CE-B8FD63F2D176}"
EndProject
Project("{FAE04EC0-301F-11D3-BF4B-00C04F79EFBC}") = "CalculatorThatImplementsSumSecond", "CalculatorThatImplementsSumSecond\CalculatorThatImplementsSumSecond.csproj", "{35538F6F-6850-4291-80BF-A0BE1595EBB6}"
EndProject
Project("{FAE04EC0-301F-11D3-BF4B-00C04F79EFBC}") = "UsageOfConditionalSecond", "UsageOfConditionalSecond\UsageOfConditionalSecond.csproj", "{12A117BC-0CEC-485A-A8A5-B844FD811255}"
EndProject
Project("{FAE04EC0-301F-11D3-BF4B-00C04F79EFBC}") = "ForeachUsage", "ForeachUsage\ForeachUsage.csproj", "{78E0C9FF-7707-463F-B15B-7AC77D73613F}"
EndProject
Project("{FAE04EC0-301F-11D3-BF4B-00C04F79EFBC}") = "ForUsage", "ForUsage\ForUsage.csproj", "{E3EBFB2F-1B59-4504-AD77-3200E563939C}"
EndProject
Project("{FAE04EC0-301F-11D3-BF4B-00C04F79EFBC}") = "WhileUsage", "WhileUsage\WhileUsage.csproj", "{79F5F1FC-FEFC-4113-BDD6-77DDDDFA890A}"
EndProject
Project("{FAE04EC0-301F-11D3-BF4B-00C04F79EFBC}") = "DoWhileUsage", "DoWhileUsage\DoWhileUsage.csproj", "{B88F1147-0470-40F7-A4C2-D9C814AA1940}"
EndProject
Project("{FAE04EC0-301F-11D3-BF4B-00C04F79EFBC}") = "Recursive Function", "Recursive Function\Recursive Function.csproj", "{2DAF1F1F-43E9-42C3-82CE-920EA1ECF15F}"
EndProject
Project("{FAE04EC0-301F-11D3-BF4B-00C04F79EFBC}") = "StringArrayThird", "StringArrayThird\StringArrayThird.csproj", "{C0EE8538-D5B7-4480-9062-DA1EB26D60AA}"
EndProject
Project("{FAE04EC0-301F-11D3-BF4B-00C04F79EFBC}") = "TwoDimensionalStringArray", "TwoDimensionalStringArray\TwoDimensionalStringArray.csproj", "{28ECFBB8-228F-4FEE-A783-69B1E5B35CE5}"
EndProject
Project("{FAE04EC0-301F-11D3-BF4B-00C04F79EFBC}") = "List", "List\List.csproj", "{BE839692-00AB-4CEC-B043-AC21B7DEB7B6}"
EndProject
Project("{FAE04EC0-301F-11D3-BF4B-00C04F79EFBC}") = "IntBasedDictionary", "IntBasedDictionary\IntBasedDictionary.csproj", "{A8650B83-4330-45ED-8D17-C2F4470BFF47}"
EndProject
Project("{FAE04EC0-301F-11D3-BF4B-00C04F79EFBC}") = "LinqTesting", "LinqTesting\LinqTesting.csproj", "{C1C199C2-2191-4FF3-885D-27791896BC93}"
EndProject
Project("{2150E333-8FDC-42A3-9474-1A3956D46DE8}") = "StudyHome", "StudyHome", "{C44BDBD2-322D-45CE-B1CC-10EB76F76ED1}"
EndProject
Project("{2150E333-8FDC-42A3-9474-1A3956D46DE8}") = "StudyWork", "StudyWork", "{D9852BBD-94E3-4B18-A38B-1D6E480EA854}"
EndProject
Project("{FAE04EC0-301F-11D3-BF4B-00C04F79EFBC}") = "FioSwither", "FioSwither\FioSwither.csproj", "{8B8D3556-ABB9-41EA-B90D-4CFBA18BA641}"
EndProject
Global
	GlobalSection(SolutionConfigurationPlatforms) = preSolution
		Debug|Any CPU = Debug|Any CPU
		Release|Any CPU = Release|Any CPU
	EndGlobalSection
	GlobalSection(ProjectConfigurationPlatforms) = postSolution
		{08C44468-4EEB-4866-ACDA-385DF3D835F8}.Debug|Any CPU.ActiveCfg = Debug|Any CPU
		{08C44468-4EEB-4866-ACDA-385DF3D835F8}.Debug|Any CPU.Build.0 = Debug|Any CPU
		{08C44468-4EEB-4866-ACDA-385DF3D835F8}.Release|Any CPU.ActiveCfg = Release|Any CPU
		{08C44468-4EEB-4866-ACDA-385DF3D835F8}.Release|Any CPU.Build.0 = Release|Any CPU
		{87CB493D-4B4D-4371-9A55-90FF40368A80}.Debug|Any CPU.ActiveCfg = Debug|Any CPU
		{87CB493D-4B4D-4371-9A55-90FF40368A80}.Debug|Any CPU.Build.0 = Debug|Any CPU
		{87CB493D-4B4D-4371-9A55-90FF40368A80}.Release|Any CPU.ActiveCfg = Release|Any CPU
		{87CB493D-4B4D-4371-9A55-90FF40368A80}.Release|Any CPU.Build.0 = Release|Any CPU
		{05485A1B-D359-47D9-B1ED-E944C09141AE}.Debug|Any CPU.ActiveCfg = Debug|Any CPU
		{05485A1B-D359-47D9-B1ED-E944C09141AE}.Debug|Any CPU.Build.0 = Debug|Any CPU
		{05485A1B-D359-47D9-B1ED-E944C09141AE}.Release|Any CPU.ActiveCfg = Release|Any CPU
		{05485A1B-D359-47D9-B1ED-E944C09141AE}.Release|Any CPU.Build.0 = Release|Any CPU
		{7EDD28F8-924E-4532-9E20-154C83D33A58}.Debug|Any CPU.ActiveCfg = Debug|Any CPU
		{7EDD28F8-924E-4532-9E20-154C83D33A58}.Debug|Any CPU.Build.0 = Debug|Any CPU
		{7EDD28F8-924E-4532-9E20-154C83D33A58}.Release|Any CPU.ActiveCfg = Release|Any CPU
		{7EDD28F8-924E-4532-9E20-154C83D33A58}.Release|Any CPU.Build.0 = Release|Any CPU
		{ADD761EE-74B2-4B2E-BD00-EC81B7E3D7E1}.Debug|Any CPU.ActiveCfg = Debug|Any CPU
		{ADD761EE-74B2-4B2E-BD00-EC81B7E3D7E1}.Debug|Any CPU.Build.0 = Debug|Any CPU
		{ADD761EE-74B2-4B2E-BD00-EC81B7E3D7E1}.Release|Any CPU.ActiveCfg = Release|Any CPU
		{ADD761EE-74B2-4B2E-BD00-EC81B7E3D7E1}.Release|Any CPU.Build.0 = Release|Any CPU
		{703615FC-3E35-4753-BF33-4AFB10E41752}.Debug|Any CPU.ActiveCfg = Debug|Any CPU
		{703615FC-3E35-4753-BF33-4AFB10E41752}.Debug|Any CPU.Build.0 = Debug|Any CPU
		{703615FC-3E35-4753-BF33-4AFB10E41752}.Release|Any CPU.ActiveCfg = Release|Any CPU
		{703615FC-3E35-4753-BF33-4AFB10E41752}.Release|Any CPU.Build.0 = Release|Any CPU
		{F90345D5-E5CA-4FC1-BFCC-D8002E6B595A}.Debug|Any CPU.ActiveCfg = Debug|Any CPU
		{F90345D5-E5CA-4FC1-BFCC-D8002E6B595A}.Debug|Any CPU.Build.0 = Debug|Any CPU
		{F90345D5-E5CA-4FC1-BFCC-D8002E6B595A}.Release|Any CPU.ActiveCfg = Release|Any CPU
		{F90345D5-E5CA-4FC1-BFCC-D8002E6B595A}.Release|Any CPU.Build.0 = Release|Any CPU
		{8B634AFA-A472-4B10-9433-9C951F48950E}.Debug|Any CPU.ActiveCfg = Debug|Any CPU
		{8B634AFA-A472-4B10-9433-9C951F48950E}.Debug|Any CPU.Build.0 = Debug|Any CPU
		{8B634AFA-A472-4B10-9433-9C951F48950E}.Release|Any CPU.ActiveCfg = Release|Any CPU
		{8B634AFA-A472-4B10-9433-9C951F48950E}.Release|Any CPU.Build.0 = Release|Any CPU
		{04DB1878-525C-485E-B5CE-B8FD63F2D176}.Debug|Any CPU.ActiveCfg = Debug|Any CPU
		{04DB1878-525C-485E-B5CE-B8FD63F2D176}.Debug|Any CPU.Build.0 = Debug|Any CPU
		{04DB1878-525C-485E-B5CE-B8FD63F2D176}.Release|Any CPU.ActiveCfg = Release|Any CPU
		{04DB1878-525C-485E-B5CE-B8FD63F2D176}.Release|Any CPU.Build.0 = Release|Any CPU
		{35538F6F-6850-4291-80BF-A0BE1595EBB6}.Debug|Any CPU.ActiveCfg = Debug|Any CPU
		{35538F6F-6850-4291-80BF-A0BE1595EBB6}.Debug|Any CPU.Build.0 = Debug|Any CPU
		{35538F6F-6850-4291-80BF-A0BE1595EBB6}.Release|Any CPU.ActiveCfg = Release|Any CPU
		{35538F6F-6850-4291-80BF-A0BE1595EBB6}.Release|Any CPU.Build.0 = Release|Any CPU
		{12A117BC-0CEC-485A-A8A5-B844FD811255}.Debug|Any CPU.ActiveCfg = Debug|Any CPU
		{12A117BC-0CEC-485A-A8A5-B844FD811255}.Debug|Any CPU.Build.0 = Debug|Any CPU
		{12A117BC-0CEC-485A-A8A5-B844FD811255}.Release|Any CPU.ActiveCfg = Release|Any CPU
		{12A117BC-0CEC-485A-A8A5-B844FD811255}.Release|Any CPU.Build.0 = Release|Any CPU
		{78E0C9FF-7707-463F-B15B-7AC77D73613F}.Debug|Any CPU.ActiveCfg = Debug|Any CPU
		{78E0C9FF-7707-463F-B15B-7AC77D73613F}.Debug|Any CPU.Build.0 = Debug|Any CPU
		{78E0C9FF-7707-463F-B15B-7AC77D73613F}.Release|Any CPU.ActiveCfg = Release|Any CPU
		{78E0C9FF-7707-463F-B15B-7AC77D73613F}.Release|Any CPU.Build.0 = Release|Any CPU
		{E3EBFB2F-1B59-4504-AD77-3200E563939C}.Debug|Any CPU.ActiveCfg = Debug|Any CPU
		{E3EBFB2F-1B59-4504-AD77-3200E563939C}.Debug|Any CPU.Build.0 = Debug|Any CPU
		{E3EBFB2F-1B59-4504-AD77-3200E563939C}.Release|Any CPU.ActiveCfg = Release|Any CPU
		{E3EBFB2F-1B59-4504-AD77-3200E563939C}.Release|Any CPU.Build.0 = Release|Any CPU
		{79F5F1FC-FEFC-4113-BDD6-77DDDDFA890A}.Debug|Any CPU.ActiveCfg = Debug|Any CPU
		{79F5F1FC-FEFC-4113-BDD6-77DDDDFA890A}.Debug|Any CPU.Build.0 = Debug|Any CPU
		{79F5F1FC-FEFC-4113-BDD6-77DDDDFA890A}.Release|Any CPU.ActiveCfg = Release|Any CPU
		{79F5F1FC-FEFC-4113-BDD6-77DDDDFA890A}.Release|Any CPU.Build.0 = Release|Any CPU
		{B88F1147-0470-40F7-A4C2-D9C814AA1940}.Debug|Any CPU.ActiveCfg = Debug|Any CPU
		{B88F1147-0470-40F7-A4C2-D9C814AA1940}.Debug|Any CPU.Build.0 = Debug|Any CPU
		{B88F1147-0470-40F7-A4C2-D9C814AA1940}.Release|Any CPU.ActiveCfg = Release|Any CPU
		{B88F1147-0470-40F7-A4C2-D9C814AA1940}.Release|Any CPU.Build.0 = Release|Any CPU
		{2DAF1F1F-43E9-42C3-82CE-920EA1ECF15F}.Debug|Any CPU.ActiveCfg = Debug|Any CPU
		{2DAF1F1F-43E9-42C3-82CE-920EA1ECF15F}.Debug|Any CPU.Build.0 = Debug|Any CPU
		{2DAF1F1F-43E9-42C3-82CE-920EA1ECF15F}.Release|Any CPU.ActiveCfg = Release|Any CPU
		{2DAF1F1F-43E9-42C3-82CE-920EA1ECF15F}.Release|Any CPU.Build.0 = Release|Any CPU
		{C0EE8538-D5B7-4480-9062-DA1EB26D60AA}.Debug|Any CPU.ActiveCfg = Debug|Any CPU
		{C0EE8538-D5B7-4480-9062-DA1EB26D60AA}.Debug|Any CPU.Build.0 = Debug|Any CPU
		{C0EE8538-D5B7-4480-9062-DA1EB26D60AA}.Release|Any CPU.ActiveCfg = Release|Any CPU
		{C0EE8538-D5B7-4480-9062-DA1EB26D60AA}.Release|Any CPU.Build.0 = Release|Any CPU
		{28ECFBB8-228F-4FEE-A783-69B1E5B35CE5}.Debug|Any CPU.ActiveCfg = Debug|Any CPU
		{28ECFBB8-228F-4FEE-A783-69B1E5B35CE5}.Debug|Any CPU.Build.0 = Debug|Any CPU
		{28ECFBB8-228F-4FEE-A783-69B1E5B35CE5}.Release|Any CPU.ActiveCfg = Release|Any CPU
		{28ECFBB8-228F-4FEE-A783-69B1E5B35CE5}.Release|Any CPU.Build.0 = Release|Any CPU
		{BE839692-00AB-4CEC-B043-AC21B7DEB7B6}.Debug|Any CPU.ActiveCfg = Debug|Any CPU
		{BE839692-00AB-4CEC-B043-AC21B7DEB7B6}.Debug|Any CPU.Build.0 = Debug|Any CPU
		{BE839692-00AB-4CEC-B043-AC21B7DEB7B6}.Release|Any CPU.ActiveCfg = Release|Any CPU
		{BE839692-00AB-4CEC-B043-AC21B7DEB7B6}.Release|Any CPU.Build.0 = Release|Any CPU
		{A8650B83-4330-45ED-8D17-C2F4470BFF47}.Debug|Any CPU.ActiveCfg = Debug|Any CPU
		{A8650B83-4330-45ED-8D17-C2F4470BFF47}.Debug|Any CPU.Build.0 = Debug|Any CPU
		{A8650B83-4330-45ED-8D17-C2F4470BFF47}.Release|Any CPU.ActiveCfg = Release|Any CPU
		{A8650B83-4330-45ED-8D17-C2F4470BFF47}.Release|Any CPU.Build.0 = Release|Any CPU
		{C1C199C2-2191-4FF3-885D-27791896BC93}.Debug|Any CPU.ActiveCfg = Debug|Any CPU
		{C1C199C2-2191-4FF3-885D-27791896BC93}.Debug|Any CPU.Build.0 = Debug|Any CPU
		{C1C199C2-2191-4FF3-885D-27791896BC93}.Release|Any CPU.ActiveCfg = Release|Any CPU
		{C1C199C2-2191-4FF3-885D-27791896BC93}.Release|Any CPU.Build.0 = Release|Any CPU
		{8B8D3556-ABB9-41EA-B90D-4CFBA18BA641}.Debug|Any CPU.ActiveCfg = Debug|Any CPU
		{8B8D3556-ABB9-41EA-B90D-4CFBA18BA641}.Debug|Any CPU.Build.0 = Debug|Any CPU
		{8B8D3556-ABB9-41EA-B90D-4CFBA18BA641}.Release|Any CPU.ActiveCfg = Release|Any CPU
		{8B8D3556-ABB9-41EA-B90D-4CFBA18BA641}.Release|Any CPU.Build.0 = Release|Any CPU
	EndGlobalSection
	GlobalSection(SolutionProperties) = preSolution
		HideSolutionNode = FALSE
	EndGlobalSection
	GlobalSection(NestedProjects) = preSolution
		{08C44468-4EEB-4866-ACDA-385DF3D835F8} = {C44BDBD2-322D-45CE-B1CC-10EB76F76ED1}
		{87CB493D-4B4D-4371-9A55-90FF40368A80} = {C44BDBD2-322D-45CE-B1CC-10EB76F76ED1}
		{05485A1B-D359-47D9-B1ED-E944C09141AE} = {C44BDBD2-322D-45CE-B1CC-10EB76F76ED1}
		{7EDD28F8-924E-4532-9E20-154C83D33A58} = {C44BDBD2-322D-45CE-B1CC-10EB76F76ED1}
		{ADD761EE-74B2-4B2E-BD00-EC81B7E3D7E1} = {C44BDBD2-322D-45CE-B1CC-10EB76F76ED1}
		{703615FC-3E35-4753-BF33-4AFB10E41752} = {C44BDBD2-322D-45CE-B1CC-10EB76F76ED1}
		{F90345D5-E5CA-4FC1-BFCC-D8002E6B595A} = {C44BDBD2-322D-45CE-B1CC-10EB76F76ED1}
		{8B634AFA-A472-4B10-9433-9C951F48950E} = {C44BDBD2-322D-45CE-B1CC-10EB76F76ED1}
		{04DB1878-525C-485E-B5CE-B8FD63F2D176} = {C44BDBD2-322D-45CE-B1CC-10EB76F76ED1}
		{35538F6F-6850-4291-80BF-A0BE1595EBB6} = {C44BDBD2-322D-45CE-B1CC-10EB76F76ED1}
		{12A117BC-0CEC-485A-A8A5-B844FD811255} = {C44BDBD2-322D-45CE-B1CC-10EB76F76ED1}
		{78E0C9FF-7707-463F-B15B-7AC77D73613F} = {C44BDBD2-322D-45CE-B1CC-10EB76F76ED1}
		{E3EBFB2F-1B59-4504-AD77-3200E563939C} = {C44BDBD2-322D-45CE-B1CC-10EB76F76ED1}
		{79F5F1FC-FEFC-4113-BDD6-77DDDDFA890A} = {C44BDBD2-322D-45CE-B1CC-10EB76F76ED1}
		{B88F1147-0470-40F7-A4C2-D9C814AA1940} = {C44BDBD2-322D-45CE-B1CC-10EB76F76ED1}
		{2DAF1F1F-43E9-42C3-82CE-920EA1ECF15F} = {C44BDBD2-322D-45CE-B1CC-10EB76F76ED1}
		{C0EE8538-D5B7-4480-9062-DA1EB26D60AA} = {C44BDBD2-322D-45CE-B1CC-10EB76F76ED1}
		{28ECFBB8-228F-4FEE-A783-69B1E5B35CE5} = {C44BDBD2-322D-45CE-B1CC-10EB76F76ED1}
		{BE839692-00AB-4CEC-B043-AC21B7DEB7B6} = {C44BDBD2-322D-45CE-B1CC-10EB76F76ED1}
		{A8650B83-4330-45ED-8D17-C2F4470BFF47} = {C44BDBD2-322D-45CE-B1CC-10EB76F76ED1}
		{C1C199C2-2191-4FF3-885D-27791896BC93} = {C44BDBD2-322D-45CE-B1CC-10EB76F76ED1}
		{8B8D3556-ABB9-41EA-B90D-4CFBA18BA641} = {D9852BBD-94E3-4B18-A38B-1D6E480EA854}
	EndGlobalSection
	GlobalSection(ExtensibilityGlobals) = postSolution
		SolutionGuid = {E33A49F0-DF83-4847-AC89-07D56F487EF0}
	EndGlobalSection
EndGlobal
